
Microsoft Visual Studio Solution File, Format Version 12.00
# Visual Studio 15
VisualStudioVersion = 15.0.27130.2020
MinimumVisualStudioVersion = 10.0.40219.1
Project("{8BC9CEB8-8B4A-11D0-8D11-00A0C91BC942}") = "Keywords", "Keywords\Keywords.vcxproj", "{82D00407-7E47-43C6-8457-C17B8B4E55A5}"
EndProject
Global
	GlobalSection(SolutionConfigurationPlatforms) = preSolution
		Debug|x64 = Debug|x64
		Debug|x86 = Debug|x86
		Release|x64 = Release|x64
		Release|x86 = Release|x86
	EndGlobalSection
	GlobalSection(ProjectConfigurationPlatforms) = postSolution
		{82D00407-7E47-43C6-8457-C17B8B4E55A5}.Debug|x64.ActiveCfg = Debug|x64
		{82D00407-7E47-43C6-8457-C17B8B4E55A5}.Debug|x64.Build.0 = Debug|x64
		{82D00407-7E47-43C6-8457-C17B8B4E55A5}.Debug|x86.ActiveCfg = Debug|Win32
		{82D00407-7E47-43C6-8457-C17B8B4E55A5}.Debug|x86.Build.0 = Debug|Win32
		{82D00407-7E47-43C6-8457-C17B8B4E55A5}.Release|x64.ActiveCfg = Release|x64
		{82D00407-7E47-43C6-8457-C17B8B4E55A5}.Release|x64.Build.0 = Release|x64
		{82D00407-7E47-43C6-8457-C17B8B4E55A5}.Release|x86.ActiveCfg = Release|Win32
		{82D00407-7E47-43C6-8457-C17B8B4E55A5}.Release|x86.Build.0 = Release|Win32
	EndGlobalSection
	GlobalSection(SolutionProperties) = preSolution
		HideSolutionNode = FALSE
	EndGlobalSection
	GlobalSection(ExtensibilityGlobals) = postSolution
		SolutionGuid = {4B8F5B96-F643-44D1-A99A-B00E3BDF387C}
	EndGlobalSection
EndGlobal
